# This file is autogenerated, do not edit; changes may be undone by the next 'dep ensure'.


[[projects]]
  branch = "master"
  digest = "1:b02e5e3f836f077a3249d1dfe3c57d305e007f71a98f2e69c170a2dd8d2b266c"
  name = "github.com/AndreasBriese/bbloom"
  packages = ["."]
  pruneopts = "UT"
  revision = "343706a395b76e5ca5c7dca46a5d937b48febc74"

[[projects]]
  digest = "1:a62f6ed230a8cd138a9efbe718e7d0b0294f139266f5f55cd942769a9aac8de2"
  name = "github.com/PuerkitoBio/goquery"
  packages = ["."]
  pruneopts = "UT"
  revision = "dc2ec5c7ca4d9aae063b79b9f581dd3ea6afd2b2"
  version = "v1.4.1"

[[projects]]
  digest = "1:66b3310cf22cdc96c35ef84ede4f7b9b370971c4025f394c89a2638729653b11"
  name = "github.com/andybalholm/cascadia"
  packages = ["."]
  pruneopts = "UT"
  revision = "901648c87902174f774fac311d7f176f8647bdaa"
  version = "v1.0.0"

[[projects]]
  branch = "master"
  digest = "1:0f893aeaa870f517664d80ac7be7fa85c4b04ce984ae3eeb0dac7687c8fd34d1"
  name = "github.com/araddon/dateparse"
  packages = ["."]
  pruneopts = "UT"
  revision = "00e168d34895ce6682b546bc3914bcea611a6dbd"

[[projects]]
  digest = "1:1438d96795a6b04750739345aa3f542b348272db19979ee2a442f8a1d5b75a17"
  name = "github.com/boltdb/bolt"
  packages = ["."]
  pruneopts = "UT"
  revision = "fa5367d20c994db73282594be0146ab221657943"

[[projects]]
  digest = "1:b24d38b282bacf9791408a080f606370efa3d364e4b5fd9ba0f7b87786d3b679"
  name = "github.com/codegangsta/cli"
  packages = ["."]
  pruneopts = "UT"
  revision = "cfb38830724cc34fedffe9a2a29fb54fa9169cd1"
  version = "v1.20.0"

[[projects]]
  digest = "1:84ac6d0ec89d3f5be0f376e1762a4fa9f1a8bcbdcceb3857f4a137bba72985fb"
  name = "github.com/dgraph-io/badger"
  packages = [
    ".",
    "options",
    "protos",
    "skl",
    "table",
    "y",
  ]
  pruneopts = "UT"
  revision = "3b57d2fc988219f8f22dd0e33459ca7443b59200"

[[projects]]
  branch = "master"
  digest = "1:8583eab935e3d99d3a7ac489cd2ee7c8e95eecd7c64ab1fc8382746dacaf8563"
  name = "github.com/dgryski/go-farm"
  packages = ["."]
  pruneopts = "UT"
  revision = "2de33835d10275975374b37b2dcfd22c9020a1f5"

[[projects]]
  digest = "1:5f1d44e13c151d777a80b0d8ca850347530773e73ccce5995a520cdc6947c205"
  name = "github.com/fatih/set"
  packages = ["."]
  pruneopts = "UT"
  revision = "2c768e3c5489976167bfc42b5c7c92ca783f4389"
  version = "v0.2.1"

[[projects]]
  branch = "master"
  digest = "1:131e93e8b8f318c52b1666e5a8f3af7d236af62f5a477a11973e46af59bca7da"
  name = "github.com/gigawattio/window"
  packages = ["."]
  pruneopts = "UT"
  revision = "0f5467e35573c4ffebddd992935e1f7ceeac0696"

[[projects]]
  digest = "1:5b08258ca7377e33151617e7d04a66c6ebdbb48c59468f045d6e9462324eeb41"
  name = "github.com/go-ego/cedar"
  packages = ["."]
  pruneopts = "UT"
  revision = "5ebe674aeba18c740e803ec8b5c06369159e370e"

[[projects]]
  digest = "1:398f57f17bd51b5e5253cb9c8d17e7ca96592bfa01728f68384bdca10caa1c9f"
  name = "github.com/go-ego/gpy"
  packages = ["."]
  pruneopts = "UT"
  revision = "66bb7e1b2fd0bc98832db09ac0988657c05d7baf"

[[projects]]
  digest = "1:1404c3901c681c3f563f93914b298e8fdea22e4ab63453c06fd5dee6d1024946"
  name = "github.com/go-ego/gse"
  packages = ["."]
  pruneopts = "UT"
  revision = "89de1c35652f04a8e41e48e999b6884ce05c6475"

[[projects]]
  digest = "1:322b34c1219cc7863de7fb5aa2807e017e46070880d60891f18caa5a2e5ccd89"
  name = "github.com/go-ego/murmur"
  packages = ["."]
  pruneopts = "UT"
  revision = "84b529b16d22c6d88ad6dbb228a86ef06d27400a"

[[projects]]
  digest = "1:82510688072a5531b2cc501740f95d5ec932142ac36b872cd8add992f5094af7"
  name = "github.com/go-ego/riot"
  packages = [
    ".",
    "core",
    "storage",
    "types",
    "utils",
  ]
  pruneopts = "UT"
  revision = "0e2de2c47cc8888eec7d9b611b5c235e6e7cf996"
  version = "0.10.0"

[[projects]]
  digest = "1:7c2fd446293ff7799cc496d3446e674ee67902d119f244de645caf95dff1bb98"
  name = "github.com/go-redis/redis"
  packages = [
    ".",
    "internal",
    "internal/consistenthash",
    "internal/hashtag",
    "internal/pool",
    "internal/proto",
    "internal/singleflight",
    "internal/util",
  ]
  pruneopts = "UT"
  revision = "f3bba01df2026fc865f7782948845db9cf44cf23"
  version = "v6.14.1"

[[projects]]
  digest = "1:97df918963298c287643883209a2c3f642e6593379f97ab400c2a2e219ab647d"
  name = "github.com/golang/protobuf"
  packages = ["proto"]
  pruneopts = "UT"
  revision = "aa810b61a9c79d51363740d207bb46cf8e620ed5"
  version = "v1.2.0"

[[projects]]
  branch = "master"
  digest = "1:4a0c6bb4805508a6287675fac876be2ac1182539ca8a32468d8128882e9d5009"
  name = "github.com/golang/snappy"
  packages = ["."]
  pruneopts = "UT"
  revision = "2e65f85255dbc3072edf28d6b5b8efc472979f5a"

[[projects]]
  digest = "1:309a5c81275fda7e234a6601cfbfea00b68e881d981d6c3229d562d9a67bde07"
  name = "github.com/ikawaha/kagome"
  packages = [
    "internal/da",
    "internal/dic",
    "internal/dic/data",
    "internal/lattice",
    "tokenizer",
  ]
  pruneopts = "UT"
  revision = "f066253ac079561f78be9bbb04a5492aa61b6e29"
  version = "v1.8.1"

[[projects]]
  branch = "master"
  digest = "1:8bacc2118e6cc6a207eb144656537ff7ee0397f8bc8c1f7639519b0de2bb949a"
  name = "github.com/jaytaylor/html2text"
  packages = ["."]
  pruneopts = "UT"
  revision = "57d518f124b0cf46ea2021f25a01396b3522e6fb"

[[projects]]
  digest = "1:a2acad6331d8efb16025e74a94fcb622532db4574e1b705a433abd52a8a1cf34"
  name = "github.com/jdkato/prose"
  packages = [
    "internal/model",
    "internal/util",
    "tag",
    "tokenize",
  ]
  pruneopts = "UT"
  revision = "20d3663d4bc9dd10d75abcde9d92e04b4861c674"
  version = "v1.1.0"

[[projects]]
  branch = "master"
  digest = "1:446f04b6b59c2cfacf8e9784c431afda6708d72a7a09eaefb2ab96d2b9cf8536"
  name = "github.com/jessevdk/go-assets"
  packages = ["."]
  pruneopts = "UT"
  revision = "4f4301a06e153ff90e17793577ab6bf79f8dc5c5"

[[projects]]
  digest = "1:8ef506fc2bb9ced9b151dafa592d4046063d744c646c1bbe801982ce87e4bc24"
  name = "github.com/lib/pq"
  packages = [
    ".",
    "oid",
  ]
  pruneopts = "UT"
  revision = "4ded0e9383f75c197b3a2aaa6d590ac52df6fd79"
  version = "v1.0.0"

[[projects]]
  digest = "1:0ae19862f4b212e1898917d37cfdd24f6676718f0dfb120665f450a83c2f1870"
  name = "github.com/mackerelio/mackerel-client-go"
  packages = ["."]
  pruneopts = "UT"
  revision = "912c32b782f6d11b136b98f69672f4a97f8f0178"
  version = "v0.0.2"

[[projects]]
  digest = "1:cdb899c199f907ac9fb50495ec71212c95cb5b0e0a8ee0800da0238036091033"
  name = "github.com/mattn/go-runewidth"
  packages = ["."]
  pruneopts = "UT"
  revision = "ce7b0b5c7b45a81508558cd1dba6bb1e4ddb51bb"
  version = "v0.0.3"

[[projects]]
  digest = "1:246ab598a22ea9d50f46e65f655f78161a19822f6597268b02f04af998684807"
  name = "github.com/montanaflynn/stats"
  packages = ["."]
  pruneopts = "UT"
  revision = "1bf9dbcd8cbe1fdb75add3785b1d4a9a646269ab"
  version = "0.3.0"

[[projects]]
  branch = "master"
  digest = "1:f611266e3ac01ab4adb6f1d67f6c1be82998d02f452faff450596658712d860b"
  name = "github.com/olekukonko/tablewriter"
  packages = ["."]
  pruneopts = "UT"
  revision = "be2c049b30ccd4d3fd795d6bf7dce74e42eeedaa"

[[projects]]
  digest = "1:40e195917a951a8bf867cd05de2a46aaf1806c50cf92eebf4c16f78cd196f747"
  name = "github.com/pkg/errors"
  packages = ["."]
  pruneopts = "UT"
  revision = "645ef00459ed84a119197bfb8d8205042c6df63d"
  version = "v0.8.0"

[[projects]]
  digest = "1:ed122a1bd8221acdc989e388b5167822ab0194b91730d0b1b2391192c81a3e43"
  name = "github.com/shirou/gopsutil"
  packages = [
    "internal/common",
    "mem",
  ]
  pruneopts = "UT"
  revision = "3dd8bd46d9a1ccbd37b3ba6e3dc1dc7d37ba8dc5"

[[projects]]
  branch = "master"
  digest = "1:3b1701815d188c58243a63f43c807cd5bb7b7b7da167c183538d8f75d7a2e20d"
  name = "github.com/shogo82148/go-shuffle"
  packages = ["."]
  pruneopts = "UT"
  revision = "27e6095f230d6c769aafa7232db643a628bd87ad"

[[projects]]
  branch = "master"
  digest = "1:362b269942e8508aed33025593090ad4cdbd9077de4b1cd505e6124728e9e856"
  name = "github.com/ssor/bom"
  packages = ["."]
  pruneopts = "UT"
  revision = "6386211fdfcf24c0bfbdaceafd02849ed9a8a509"

[[projects]]
  digest = "1:d3c7b6840fa3af6b231ce6e391fe4b9c0556a77dacae817719f350a364aa765d"
  name = "github.com/syndtr/goleveldb"
  packages = [
    "leveldb",
    "leveldb/cache",
    "leveldb/comparer",
    "leveldb/errors",
    "leveldb/filter",
    "leveldb/iterator",
    "leveldb/journal",
    "leveldb/memdb",
    "leveldb/opt",
    "leveldb/storage",
    "leveldb/table",
    "leveldb/util",
  ]
  pruneopts = "UT"
  revision = "549b6d6b1c0419617182954dd77770f2e2685ed5"

[[projects]]
  branch = "master"
  digest = "1:0184b624551d01f1158050e4831e3099be0ff2c331c8885e77c3d4ba5d31061f"
  name = "github.com/syou6162/GoOse"
  packages = ["."]
  pruneopts = "UT"
  revision = "93b721f1bd4f5ef59521d8a90855d057f2a70a24"

[[projects]]
  branch = "master"
  digest = "1:d78ffa9d702fb796f3583d5ba7ec593bd96658a0344e67fce71f77723a852e80"
  name = "github.com/syou6162/go-active-learning"
  packages = [
    "lib/cache",
    "lib/classifier",
    "lib/db",
    "lib/evaluation",
    "lib/example",
    "lib/feature",
    "lib/fetcher",
    "lib/util",
    "lib/util/file",
  ]
  pruneopts = "UT"
  revision = "666549209ec9ecaa0212ee67181b9a055853bf3f"

[[projects]]
  branch = "master"
  digest = "1:e67fda6a6f84c760a11c7e0884edfa958273b1ebc365245651cbcd810a974bc1"
  name = "golang.org/x/net"
  packages = [
    "context",
    "html",
    "html/atom",
    "html/charset",
    "internal/timeseries",
    "trace",
  ]
  pruneopts = "UT"
  revision = "04a2e542c03f1d053ab3e4d6e5abcd4b66e2be8e"

[[projects]]
  branch = "master"
  digest = "1:db09bef7e2c1a744c896d1f812eb7f08c1b13828edff7d7b6dd8a7f2e504e87f"
  name = "golang.org/x/sys"
  packages = [
    "unix",
    "windows",
  ]
  pruneopts = "UT"
  revision = "8b8824e799c8fc8e6d900615cc6c761ce6c26c67"

[[projects]]
  digest = "1:aa4d6967a3237f8367b6bf91503964a77183ecf696f1273e8ad3551bb4412b5f"
  name = "golang.org/x/text"
  packages = [
    "encoding",
    "encoding/charmap",
    "encoding/htmlindex",
    "encoding/internal",
    "encoding/internal/identifier",
    "encoding/japanese",
    "encoding/korean",
    "encoding/simplifiedchinese",
    "encoding/traditionalchinese",
    "encoding/unicode",
    "internal/gen",
    "internal/tag",
    "internal/utf8internal",
    "language",
    "runes",
    "transform",
    "unicode/cldr",
  ]
  pruneopts = "UT"
  revision = "f21a4dfb5e38f5895301dc265a8def02365cc3d0"
  version = "v0.3.0"

[[projects]]
  digest = "1:85b60f4403e2aae0eee2ac2ba50e4124dea766b582c6ec0d94fb1335d9c0d16e"
  name = "gopkg.in/neurosnap/sentences.v1"
  packages = [
    ".",
    "data",
  ]
  pruneopts = "UT"
  revision = "a7f18ead1433a139742a8b42ce7a059cfb484d60"
  version = "v1.0.6"

[solve-meta]
  analyzer-name = "dep"
  analyzer-version = 1
  input-imports = [
    "github.com/codegangsta/cli",
    "github.com/go-ego/riot",
    "github.com/go-ego/riot/types",
    "github.com/jessevdk/go-assets",
    "github.com/mackerelio/mackerel-client-go",
    "github.com/syou6162/go-active-learning/lib/cache",
    "github.com/syou6162/go-active-learning/lib/classifier",
    "github.com/syou6162/go-active-learning/lib/db",
    "github.com/syou6162/go-active-learning/lib/example",
    "github.com/syou6162/go-active-learning/lib/feature",
    "github.com/syou6162/go-active-learning/lib/util",
    "github.com/syou6162/go-active-learning/lib/util/file",
  ]
  solver-name = "gps-cdcl"
  solver-version = 1
